
Microsoft Visual Studio Solution File, Format Version 12.00
# Visual Studio Version 17
VisualStudioVersion = 17.8.34511.84
MinimumVisualStudioVersion = 10.0.40219.1
Project("{FAE04EC0-301F-11D3-BF4B-00C04F79EFBC}") = "ConsoleReasoning", "ConsoleReasoning.csproj", "{9669DBC0-853E-4BCE-A909-5AE8428F0780}"
EndProject
Global
	GlobalSection(SolutionConfigurationPlatforms) = preSolution
		Debug|Any CPU = Debug|Any CPU
		Release|Any CPU = Release|Any CPU
	EndGlobalSection
	GlobalSection(ProjectConfigurationPlatforms) = postSolution
		{9669DBC0-853E-4BCE-A909-5AE8428F0780}.Debug|Any CPU.ActiveCfg = Debug|Any CPU
		{9669DBC0-853E-4BCE-A909-5AE8428F0780}.Debug|Any CPU.Build.0 = Debug|Any CPU
		{9669DBC0-853E-4BCE-A909-5AE8428F0780}.Release|Any CPU.ActiveCfg = Release|Any CPU
		{9669DBC0-853E-4BCE-A909-5AE8428F0780}.Release|Any CPU.Build.0 = Release|Any CPU
	EndGlobalSection
	GlobalSection(SolutionProperties) = preSolution
		HideSolutionNode = FALSE
	EndGlobalSection
	GlobalSection(ExtensibilityGlobals) = postSolution
		SolutionGuid = {9D3822A0-0ACB-45B0-A6CB-8106012F0D8E}
	EndGlobalSection
EndGlobal
